
Microsoft Visual Studio Solution File, Format Version 12.00
# Visual Studio 15
VisualStudioVersion = 15.0.26430.6
MinimumVisualStudioVersion = 10.0.40219.1
Project("{2150E333-8FDC-42A3-9474-1A3956D46DE8}") = "src", "src", "{8A09B442-FB79-4293-BF9B-E34DD3AE70F3}"
EndProject
Project("{2150E333-8FDC-42A3-9474-1A3956D46DE8}") = "test", "test", "{388C55EB-26FF-46AB-9395-549E1A7A99AD}"
EndProject
Project("{9A19103F-16F7-4668-BE54-9A1E7A4F7556}") = "VotingIrregularities.Api", "src\VotingIrregularities.Api\VotingIrregularities.Api.csproj", "{C26FC8F5-B11B-4908-B67D-5AEEB915D002}"
	ProjectSection(ProjectDependencies) = postProject
		{73125CAC-66E8-40D7-81A7-6A847132C7B3} = {73125CAC-66E8-40D7-81A7-6A847132C7B3}
	EndProjectSection
EndProject
Project("{9A19103F-16F7-4668-BE54-9A1E7A4F7556}") = "VotingIrregularities.Domain", "src\VotingIrregularities.Domain\VotingIrregularities.Domain.csproj", "{73125CAC-66E8-40D7-81A7-6A847132C7B3}"
EndProject
Project("{9A19103F-16F7-4668-BE54-9A1E7A4F7556}") = "VotingIrregularities.Domain.Tests", "test\VotingIrregularities.Domain.Tests\VotingIrregularities.Domain.Tests.csproj", "{4E70B88E-F43A-4546-955C-4A2139C1CC9C}"
	ProjectSection(ProjectDependencies) = postProject
		{73125CAC-66E8-40D7-81A7-6A847132C7B3} = {73125CAC-66E8-40D7-81A7-6A847132C7B3}
	EndProjectSection
EndProject
Project("{9A19103F-16F7-4668-BE54-9A1E7A4F7556}") = "VotingIrregularities.Tests", "test\VotingIrregularities.Tests\VotingIrregularities.Tests.csproj", "{41FE87AE-428C-4CD5-88F1-A7A713334F2E}"
EndProject
Global
	GlobalSection(SolutionConfigurationPlatforms) = preSolution
		Debug|Any CPU = Debug|Any CPU
		Release|Any CPU = Release|Any CPU
	EndGlobalSection
	GlobalSection(ProjectConfigurationPlatforms) = postSolution
		{C26FC8F5-B11B-4908-B67D-5AEEB915D002}.Debug|Any CPU.ActiveCfg = Debug|Any CPU
		{C26FC8F5-B11B-4908-B67D-5AEEB915D002}.Debug|Any CPU.Build.0 = Debug|Any CPU
		{C26FC8F5-B11B-4908-B67D-5AEEB915D002}.Release|Any CPU.ActiveCfg = Release|Any CPU
		{C26FC8F5-B11B-4908-B67D-5AEEB915D002}.Release|Any CPU.Build.0 = Release|Any CPU
		{73125CAC-66E8-40D7-81A7-6A847132C7B3}.Debug|Any CPU.ActiveCfg = Debug|Any CPU
		{73125CAC-66E8-40D7-81A7-6A847132C7B3}.Debug|Any CPU.Build.0 = Debug|Any CPU
		{73125CAC-66E8-40D7-81A7-6A847132C7B3}.Release|Any CPU.ActiveCfg = Release|Any CPU
		{73125CAC-66E8-40D7-81A7-6A847132C7B3}.Release|Any CPU.Build.0 = Release|Any CPU
		{4E70B88E-F43A-4546-955C-4A2139C1CC9C}.Debug|Any CPU.ActiveCfg = Debug|Any CPU
		{4E70B88E-F43A-4546-955C-4A2139C1CC9C}.Debug|Any CPU.Build.0 = Debug|Any CPU
		{4E70B88E-F43A-4546-955C-4A2139C1CC9C}.Release|Any CPU.ActiveCfg = Release|Any CPU
		{4E70B88E-F43A-4546-955C-4A2139C1CC9C}.Release|Any CPU.Build.0 = Release|Any CPU
		{41FE87AE-428C-4CD5-88F1-A7A713334F2E}.Debug|Any CPU.ActiveCfg = Debug|Any CPU
		{41FE87AE-428C-4CD5-88F1-A7A713334F2E}.Debug|Any CPU.Build.0 = Debug|Any CPU
		{41FE87AE-428C-4CD5-88F1-A7A713334F2E}.Release|Any CPU.ActiveCfg = Release|Any CPU
		{41FE87AE-428C-4CD5-88F1-A7A713334F2E}.Release|Any CPU.Build.0 = Release|Any CPU
	EndGlobalSection
	GlobalSection(SolutionProperties) = preSolution
		HideSolutionNode = FALSE
	EndGlobalSection
	GlobalSection(NestedProjects) = preSolution
		{C26FC8F5-B11B-4908-B67D-5AEEB915D002} = {8A09B442-FB79-4293-BF9B-E34DD3AE70F3}
		{73125CAC-66E8-40D7-81A7-6A847132C7B3} = {8A09B442-FB79-4293-BF9B-E34DD3AE70F3}
		{4E70B88E-F43A-4546-955C-4A2139C1CC9C} = {388C55EB-26FF-46AB-9395-549E1A7A99AD}
		{41FE87AE-428C-4CD5-88F1-A7A713334F2E} = {388C55EB-26FF-46AB-9395-549E1A7A99AD}
	EndGlobalSection
EndGlobal
