
Microsoft Visual Studio Solution File, Format Version 12.00
# Visual Studio 14
VisualStudioVersion = 14.0.25420.1
MinimumVisualStudioVersion = 10.0.40219.1
Project("{2150E333-8FDC-42A3-9474-1A3956D46DE8}") = "src", "src", "{8A09B442-FB79-4293-BF9B-E34DD3AE70F3}"
EndProject
Project("{2150E333-8FDC-42A3-9474-1A3956D46DE8}") = "Solution Items", "Solution Items", "{CD3D2C02-D1E8-40E5-943B-83B4B37AA86F}"
	ProjectSection(SolutionItems) = preProject
		global.json = global.json
	EndProjectSection
EndProject
Project("{8BB2217D-0F2D-49D1-97BC-3654ED321F3B}") = "VotingIrregularities.Api", "src\VotingIrregularities.Api\VotingIrregularities.Api.xproj", "{C26FC8F5-B11B-4908-B67D-5AEEB915D002}"
	ProjectSection(ProjectDependencies) = postProject
		{73125CAC-66E8-40D7-81A7-6A847132C7B3} = {73125CAC-66E8-40D7-81A7-6A847132C7B3}
	EndProjectSection
EndProject
Project("{8BB2217D-0F2D-49D1-97BC-3654ED321F3B}") = "VotingIrregularities.Domain", "src\VotingIrregularities.Domain\VotingIrregularities.Domain.xproj", "{73125CAC-66E8-40D7-81A7-6A847132C7B3}"
EndProject
Project("{2150E333-8FDC-42A3-9474-1A3956D46DE8}") = "test", "test", "{388C55EB-26FF-46AB-9395-549E1A7A99AD}"
EndProject
Project("{8BB2217D-0F2D-49D1-97BC-3654ED321F3B}") = "VotingIrregularities.Domain.Tests", "test\VotingIrregularities.Domain.Tests\VotingIrregularities.Domain.Tests.xproj", "{4E70B88E-F43A-4546-955C-4A2139C1CC9C}"
EndProject
Project("{8BB2217D-0F2D-49D1-97BC-3654ED321F3B}") = "Microsoft.Extensions.Caching.Redis", "src\Microsoft.Extensions.Caching.Redis\Microsoft.Extensions.Caching.Redis.xproj", "{51334948-33DD-4735-ACAA-A643F13495FD}"
EndProject
Global
	GlobalSection(SolutionConfigurationPlatforms) = preSolution
		Debug|Any CPU = Debug|Any CPU
		Release|Any CPU = Release|Any CPU
	EndGlobalSection
	GlobalSection(ProjectConfigurationPlatforms) = postSolution
		{C26FC8F5-B11B-4908-B67D-5AEEB915D002}.Debug|Any CPU.ActiveCfg = Debug|Any CPU
		{C26FC8F5-B11B-4908-B67D-5AEEB915D002}.Debug|Any CPU.Build.0 = Debug|Any CPU
		{C26FC8F5-B11B-4908-B67D-5AEEB915D002}.Release|Any CPU.ActiveCfg = Release|Any CPU
		{C26FC8F5-B11B-4908-B67D-5AEEB915D002}.Release|Any CPU.Build.0 = Release|Any CPU
		{73125CAC-66E8-40D7-81A7-6A847132C7B3}.Debug|Any CPU.ActiveCfg = Debug|Any CPU
		{73125CAC-66E8-40D7-81A7-6A847132C7B3}.Debug|Any CPU.Build.0 = Debug|Any CPU
		{73125CAC-66E8-40D7-81A7-6A847132C7B3}.Release|Any CPU.ActiveCfg = Release|Any CPU
		{73125CAC-66E8-40D7-81A7-6A847132C7B3}.Release|Any CPU.Build.0 = Release|Any CPU
		{4E70B88E-F43A-4546-955C-4A2139C1CC9C}.Debug|Any CPU.ActiveCfg = Debug|Any CPU
		{4E70B88E-F43A-4546-955C-4A2139C1CC9C}.Debug|Any CPU.Build.0 = Debug|Any CPU
		{4E70B88E-F43A-4546-955C-4A2139C1CC9C}.Release|Any CPU.ActiveCfg = Release|Any CPU
		{4E70B88E-F43A-4546-955C-4A2139C1CC9C}.Release|Any CPU.Build.0 = Release|Any CPU
		{51334948-33DD-4735-ACAA-A643F13495FD}.Debug|Any CPU.ActiveCfg = Debug|Any CPU
		{51334948-33DD-4735-ACAA-A643F13495FD}.Debug|Any CPU.Build.0 = Debug|Any CPU
		{51334948-33DD-4735-ACAA-A643F13495FD}.Release|Any CPU.ActiveCfg = Release|Any CPU
		{51334948-33DD-4735-ACAA-A643F13495FD}.Release|Any CPU.Build.0 = Release|Any CPU
	EndGlobalSection
	GlobalSection(SolutionProperties) = preSolution
		HideSolutionNode = FALSE
	EndGlobalSection
	GlobalSection(NestedProjects) = preSolution
		{C26FC8F5-B11B-4908-B67D-5AEEB915D002} = {8A09B442-FB79-4293-BF9B-E34DD3AE70F3}
		{73125CAC-66E8-40D7-81A7-6A847132C7B3} = {8A09B442-FB79-4293-BF9B-E34DD3AE70F3}
		{4E70B88E-F43A-4546-955C-4A2139C1CC9C} = {388C55EB-26FF-46AB-9395-549E1A7A99AD}
		{51334948-33DD-4735-ACAA-A643F13495FD} = {8A09B442-FB79-4293-BF9B-E34DD3AE70F3}
	EndGlobalSection
EndGlobal
