
Microsoft Visual Studio Solution File, Format Version 12.00
# Visual Studio Version 16
VisualStudioVersion = 16.0.28803.352
MinimumVisualStudioVersion = 10.0.40219.1
Project("{2150E333-8FDC-42A3-9474-1A3956D46DE8}") = "api", "api", "{8A09B442-FB79-4293-BF9B-E34DD3AE70F3}"
EndProject
Project("{2150E333-8FDC-42A3-9474-1A3956D46DE8}") = "test", "test", "{388C55EB-26FF-46AB-9395-549E1A7A99AD}"
EndProject
Project("{9A19103F-16F7-4668-BE54-9A1E7A4F7556}") = "VotingIrregularities.Api", "api\VotingIrregularities.Api\VotingIrregularities.Api.csproj", "{61445EF2-8644-4832-BF05-60900CF76BD3}"
	ProjectSection(ProjectDependencies) = postProject
		{66D79319-E1E2-46EC-981C-A704F357885B} = {66D79319-E1E2-46EC-981C-A704F357885B}
	EndProjectSection
EndProject
Project("{9A19103F-16F7-4668-BE54-9A1E7A4F7556}") = "VotingIrregularities.Domain", "api\VotingIrregularities.Domain\VotingIrregularities.Domain.csproj", "{66D79319-E1E2-46EC-981C-A704F357885B}"
EndProject
Project("{9A19103F-16F7-4668-BE54-9A1E7A4F7556}") = "VotingIrregularities.Domain.Tests", "test\VotingIrregularities.Domain.Tests\VotingIrregularities.Domain.Tests.csproj", "{36D9D278-1959-4853-93CA-F35F1A2EB92A}"
	ProjectSection(ProjectDependencies) = postProject
		{66D79319-E1E2-46EC-981C-A704F357885B} = {66D79319-E1E2-46EC-981C-A704F357885B}
	EndProjectSection
EndProject
Project("{9A19103F-16F7-4668-BE54-9A1E7A4F7556}") = "VotingIrregularities.Tests", "test\VotingIrregularities.Tests\VotingIrregularities.Tests.csproj", "{6961F352-9908-40B1-A840-A96841CF2031}"
EndProject
Project("{9A19103F-16F7-4668-BE54-9A1E7A4F7556}") = "VotingIrregularities.Domain.Seed", "api\VotingIrregularities.Domain.Seed\VotingIrregularities.Domain.Seed.csproj", "{EBCE8818-41D9-4089-98F4-A03BAA909210}"
EndProject
Project("{9A19103F-16F7-4668-BE54-9A1E7A4F7556}") = "VoteMonitor.Api.Observer", "api\VoteMonitor.Api.Observer\VoteMonitor.Api.Observer.csproj", "{B8004522-7E3D-41B0-B33E-86B2F090D3AA}"
EndProject
Project("{9A19103F-16F7-4668-BE54-9A1E7A4F7556}") = "VoteMonitor.Api.Location", "api\VoteMonitor.Api.Location\VoteMonitor.Api.Location.csproj", "{09E89763-37C4-4C21-8D2A-5ACAAC2BB0E4}"
EndProject
Project("{9A19103F-16F7-4668-BE54-9A1E7A4F7556}") = "VoteMonitor.Api.Core", "api\VoteMonitor.Api.Core\VoteMonitor.Api.Core.csproj", "{7EE053E7-C2E8-43E7-B103-1D224443A632}"
EndProject
Project("{9A19103F-16F7-4668-BE54-9A1E7A4F7556}") = "VoteMonitor.Api.Note", "api\VoteMonitor.Api.Note\VoteMonitor.Api.Note.csproj", "{A2B9B61F-14DC-42AF-B872-93B341BDDCD3}"
EndProject
Project("{9A19103F-16F7-4668-BE54-9A1E7A4F7556}") = "VoteMonitor.Api.Form", "api\VoteMonitor.Api.Form\VoteMonitor.Api.Form.csproj", "{476CC12D-74F8-4971-B5E2-FEA84DF52FE1}"
EndProject
Project("{9A19103F-16F7-4668-BE54-9A1E7A4F7556}") = "VoteMonitor.Entities", "api\VoteMonitor.Entities\VoteMonitor.Entities.csproj", "{6210AEE2-2164-4DD9-822F-E370336168BB}"
EndProject
Project("{9A19103F-16F7-4668-BE54-9A1E7A4F7556}") = "VoteMonitor.Api.Answer", "api\VoteMonitor.Api.Answer\VoteMonitor.Api.Answer.csproj", "{271F09F9-3068-4FB9-A17C-A6105BC7EFD2}"
EndProject
Project("{9A19103F-16F7-4668-BE54-9A1E7A4F7556}") = "VoteMonitor.Api.Notification", "api\VoteMonitor.Api.Notification\VoteMonitor.Api.Notification.csproj", "{4C638FB0-96F1-4AC9-8765-8A6BB322C015}"
EndProject
Project("{9A19103F-16F7-4668-BE54-9A1E7A4F7556}") = "VoteMonitor.Api.Statistics", "api\VoteMonitor.Api.Statistics\VoteMonitor.Api.Statistics.csproj", "{8BA1E3BC-0F4A-4120-965E-D2709887D05E}"
EndProject
Project("{9A19103F-16F7-4668-BE54-9A1E7A4F7556}") = "VoteMonitor.Api.DataExport", "api\VoteMonitor.Api.DataExport\VoteMonitor.Api.DataExport.csproj", "{4EDC6262-9BA5-46E7-BB90-E31F499A9F5A}"
EndProject
Project("{FAE04EC0-301F-11D3-BF4B-00C04F79EFBC}") = "VoteMonitor.Api", "api\VoteMonitor.Api\VoteMonitor.Api.csproj", "{87395D1E-7E9B-4099-8093-9AC16D7AE45A}"
EndProject
Global
	GlobalSection(SolutionConfigurationPlatforms) = preSolution
		Debug|Any CPU = Debug|Any CPU
		Release|Any CPU = Release|Any CPU
	EndGlobalSection
	GlobalSection(ProjectConfigurationPlatforms) = postSolution
		{61445EF2-8644-4832-BF05-60900CF76BD3}.Debug|Any CPU.ActiveCfg = Debug|Any CPU
		{61445EF2-8644-4832-BF05-60900CF76BD3}.Debug|Any CPU.Build.0 = Debug|Any CPU
		{61445EF2-8644-4832-BF05-60900CF76BD3}.Release|Any CPU.ActiveCfg = Release|Any CPU
		{61445EF2-8644-4832-BF05-60900CF76BD3}.Release|Any CPU.Build.0 = Release|Any CPU
		{66D79319-E1E2-46EC-981C-A704F357885B}.Debug|Any CPU.ActiveCfg = Debug|Any CPU
		{66D79319-E1E2-46EC-981C-A704F357885B}.Debug|Any CPU.Build.0 = Debug|Any CPU
		{66D79319-E1E2-46EC-981C-A704F357885B}.Release|Any CPU.ActiveCfg = Release|Any CPU
		{66D79319-E1E2-46EC-981C-A704F357885B}.Release|Any CPU.Build.0 = Release|Any CPU
		{36D9D278-1959-4853-93CA-F35F1A2EB92A}.Debug|Any CPU.ActiveCfg = Debug|Any CPU
		{36D9D278-1959-4853-93CA-F35F1A2EB92A}.Debug|Any CPU.Build.0 = Debug|Any CPU
		{36D9D278-1959-4853-93CA-F35F1A2EB92A}.Release|Any CPU.ActiveCfg = Release|Any CPU
		{36D9D278-1959-4853-93CA-F35F1A2EB92A}.Release|Any CPU.Build.0 = Release|Any CPU
		{6961F352-9908-40B1-A840-A96841CF2031}.Debug|Any CPU.ActiveCfg = Debug|Any CPU
		{6961F352-9908-40B1-A840-A96841CF2031}.Debug|Any CPU.Build.0 = Debug|Any CPU
		{6961F352-9908-40B1-A840-A96841CF2031}.Release|Any CPU.ActiveCfg = Release|Any CPU
		{6961F352-9908-40B1-A840-A96841CF2031}.Release|Any CPU.Build.0 = Release|Any CPU
		{EBCE8818-41D9-4089-98F4-A03BAA909210}.Debug|Any CPU.ActiveCfg = Debug|Any CPU
		{EBCE8818-41D9-4089-98F4-A03BAA909210}.Debug|Any CPU.Build.0 = Debug|Any CPU
		{EBCE8818-41D9-4089-98F4-A03BAA909210}.Release|Any CPU.ActiveCfg = Release|Any CPU
		{EBCE8818-41D9-4089-98F4-A03BAA909210}.Release|Any CPU.Build.0 = Release|Any CPU
		{B8004522-7E3D-41B0-B33E-86B2F090D3AA}.Debug|Any CPU.ActiveCfg = Debug|Any CPU
		{B8004522-7E3D-41B0-B33E-86B2F090D3AA}.Debug|Any CPU.Build.0 = Debug|Any CPU
		{B8004522-7E3D-41B0-B33E-86B2F090D3AA}.Release|Any CPU.ActiveCfg = Release|Any CPU
		{B8004522-7E3D-41B0-B33E-86B2F090D3AA}.Release|Any CPU.Build.0 = Release|Any CPU
		{09E89763-37C4-4C21-8D2A-5ACAAC2BB0E4}.Debug|Any CPU.ActiveCfg = Debug|Any CPU
		{09E89763-37C4-4C21-8D2A-5ACAAC2BB0E4}.Debug|Any CPU.Build.0 = Debug|Any CPU
		{09E89763-37C4-4C21-8D2A-5ACAAC2BB0E4}.Release|Any CPU.ActiveCfg = Release|Any CPU
		{09E89763-37C4-4C21-8D2A-5ACAAC2BB0E4}.Release|Any CPU.Build.0 = Release|Any CPU
		{7EE053E7-C2E8-43E7-B103-1D224443A632}.Debug|Any CPU.ActiveCfg = Debug|Any CPU
		{7EE053E7-C2E8-43E7-B103-1D224443A632}.Debug|Any CPU.Build.0 = Debug|Any CPU
		{7EE053E7-C2E8-43E7-B103-1D224443A632}.Release|Any CPU.ActiveCfg = Release|Any CPU
		{7EE053E7-C2E8-43E7-B103-1D224443A632}.Release|Any CPU.Build.0 = Release|Any CPU
		{A2B9B61F-14DC-42AF-B872-93B341BDDCD3}.Debug|Any CPU.ActiveCfg = Debug|Any CPU
		{A2B9B61F-14DC-42AF-B872-93B341BDDCD3}.Debug|Any CPU.Build.0 = Debug|Any CPU
		{A2B9B61F-14DC-42AF-B872-93B341BDDCD3}.Release|Any CPU.ActiveCfg = Release|Any CPU
		{A2B9B61F-14DC-42AF-B872-93B341BDDCD3}.Release|Any CPU.Build.0 = Release|Any CPU
		{476CC12D-74F8-4971-B5E2-FEA84DF52FE1}.Debug|Any CPU.ActiveCfg = Debug|Any CPU
		{476CC12D-74F8-4971-B5E2-FEA84DF52FE1}.Debug|Any CPU.Build.0 = Debug|Any CPU
		{476CC12D-74F8-4971-B5E2-FEA84DF52FE1}.Release|Any CPU.ActiveCfg = Release|Any CPU
		{476CC12D-74F8-4971-B5E2-FEA84DF52FE1}.Release|Any CPU.Build.0 = Release|Any CPU
		{6210AEE2-2164-4DD9-822F-E370336168BB}.Debug|Any CPU.ActiveCfg = Debug|Any CPU
		{6210AEE2-2164-4DD9-822F-E370336168BB}.Debug|Any CPU.Build.0 = Debug|Any CPU
		{6210AEE2-2164-4DD9-822F-E370336168BB}.Release|Any CPU.ActiveCfg = Release|Any CPU
		{6210AEE2-2164-4DD9-822F-E370336168BB}.Release|Any CPU.Build.0 = Release|Any CPU
		{271F09F9-3068-4FB9-A17C-A6105BC7EFD2}.Debug|Any CPU.ActiveCfg = Debug|Any CPU
		{271F09F9-3068-4FB9-A17C-A6105BC7EFD2}.Debug|Any CPU.Build.0 = Debug|Any CPU
		{271F09F9-3068-4FB9-A17C-A6105BC7EFD2}.Release|Any CPU.ActiveCfg = Release|Any CPU
		{271F09F9-3068-4FB9-A17C-A6105BC7EFD2}.Release|Any CPU.Build.0 = Release|Any CPU
		{4C638FB0-96F1-4AC9-8765-8A6BB322C015}.Debug|Any CPU.ActiveCfg = Debug|Any CPU
		{4C638FB0-96F1-4AC9-8765-8A6BB322C015}.Debug|Any CPU.Build.0 = Debug|Any CPU
		{4C638FB0-96F1-4AC9-8765-8A6BB322C015}.Release|Any CPU.ActiveCfg = Release|Any CPU
		{4C638FB0-96F1-4AC9-8765-8A6BB322C015}.Release|Any CPU.Build.0 = Release|Any CPU
		{8BA1E3BC-0F4A-4120-965E-D2709887D05E}.Debug|Any CPU.ActiveCfg = Debug|Any CPU
		{8BA1E3BC-0F4A-4120-965E-D2709887D05E}.Debug|Any CPU.Build.0 = Debug|Any CPU
		{8BA1E3BC-0F4A-4120-965E-D2709887D05E}.Release|Any CPU.ActiveCfg = Release|Any CPU
		{8BA1E3BC-0F4A-4120-965E-D2709887D05E}.Release|Any CPU.Build.0 = Release|Any CPU
		{4EDC6262-9BA5-46E7-BB90-E31F499A9F5A}.Debug|Any CPU.ActiveCfg = Debug|Any CPU
		{4EDC6262-9BA5-46E7-BB90-E31F499A9F5A}.Debug|Any CPU.Build.0 = Debug|Any CPU
		{4EDC6262-9BA5-46E7-BB90-E31F499A9F5A}.Release|Any CPU.ActiveCfg = Release|Any CPU
		{4EDC6262-9BA5-46E7-BB90-E31F499A9F5A}.Release|Any CPU.Build.0 = Release|Any CPU
		{87395D1E-7E9B-4099-8093-9AC16D7AE45A}.Debug|Any CPU.ActiveCfg = Debug|Any CPU
		{87395D1E-7E9B-4099-8093-9AC16D7AE45A}.Debug|Any CPU.Build.0 = Debug|Any CPU
		{87395D1E-7E9B-4099-8093-9AC16D7AE45A}.Release|Any CPU.ActiveCfg = Release|Any CPU
		{87395D1E-7E9B-4099-8093-9AC16D7AE45A}.Release|Any CPU.Build.0 = Release|Any CPU
	EndGlobalSection
	GlobalSection(SolutionProperties) = preSolution
		HideSolutionNode = FALSE
	EndGlobalSection
	GlobalSection(NestedProjects) = preSolution
		{61445EF2-8644-4832-BF05-60900CF76BD3} = {8A09B442-FB79-4293-BF9B-E34DD3AE70F3}
		{66D79319-E1E2-46EC-981C-A704F357885B} = {8A09B442-FB79-4293-BF9B-E34DD3AE70F3}
		{36D9D278-1959-4853-93CA-F35F1A2EB92A} = {388C55EB-26FF-46AB-9395-549E1A7A99AD}
		{6961F352-9908-40B1-A840-A96841CF2031} = {388C55EB-26FF-46AB-9395-549E1A7A99AD}
		{EBCE8818-41D9-4089-98F4-A03BAA909210} = {8A09B442-FB79-4293-BF9B-E34DD3AE70F3}
		{B8004522-7E3D-41B0-B33E-86B2F090D3AA} = {8A09B442-FB79-4293-BF9B-E34DD3AE70F3}
		{09E89763-37C4-4C21-8D2A-5ACAAC2BB0E4} = {8A09B442-FB79-4293-BF9B-E34DD3AE70F3}
		{7EE053E7-C2E8-43E7-B103-1D224443A632} = {8A09B442-FB79-4293-BF9B-E34DD3AE70F3}
		{A2B9B61F-14DC-42AF-B872-93B341BDDCD3} = {8A09B442-FB79-4293-BF9B-E34DD3AE70F3}
		{476CC12D-74F8-4971-B5E2-FEA84DF52FE1} = {8A09B442-FB79-4293-BF9B-E34DD3AE70F3}
		{6210AEE2-2164-4DD9-822F-E370336168BB} = {8A09B442-FB79-4293-BF9B-E34DD3AE70F3}
		{271F09F9-3068-4FB9-A17C-A6105BC7EFD2} = {8A09B442-FB79-4293-BF9B-E34DD3AE70F3}
		{4C638FB0-96F1-4AC9-8765-8A6BB322C015} = {8A09B442-FB79-4293-BF9B-E34DD3AE70F3}
		{8BA1E3BC-0F4A-4120-965E-D2709887D05E} = {8A09B442-FB79-4293-BF9B-E34DD3AE70F3}
		{4EDC6262-9BA5-46E7-BB90-E31F499A9F5A} = {8A09B442-FB79-4293-BF9B-E34DD3AE70F3}
		{87395D1E-7E9B-4099-8093-9AC16D7AE45A} = {8A09B442-FB79-4293-BF9B-E34DD3AE70F3}
	EndGlobalSection
	GlobalSection(ExtensibilityGlobals) = postSolution
		SolutionGuid = {AF1523BC-7F31-4564-8E1B-D2DB4552FFCB}
	EndGlobalSection
EndGlobal
